
Microsoft Visual Studio Solution File, Format Version 12.00
# Visual Studio Version 16
VisualStudioVersion = 16.0.31605.320
MinimumVisualStudioVersion = 10.0.40219.1
Project("{FAE04EC0-301F-11D3-BF4B-00C04F79EFBC}") = "Lab1", "Lab1.csproj", "{AA9A78F9-1B8A-4C98-8E57-5EA313376B9D}"
EndProject
Global
	GlobalSection(SolutionConfigurationPlatforms) = preSolution
		Debug|Any CPU = Debug|Any CPU
		Release|Any CPU = Release|Any CPU
	EndGlobalSection
	GlobalSection(ProjectConfigurationPlatforms) = postSolution
		{AA9A78F9-1B8A-4C98-8E57-5EA313376B9D}.Debug|Any CPU.ActiveCfg = Debug|Any CPU
		{AA9A78F9-1B8A-4C98-8E57-5EA313376B9D}.Debug|Any CPU.Build.0 = Debug|Any CPU
		{AA9A78F9-1B8A-4C98-8E57-5EA313376B9D}.Release|Any CPU.ActiveCfg = Release|Any CPU
		{AA9A78F9-1B8A-4C98-8E57-5EA313376B9D}.Release|Any CPU.Build.0 = Release|Any CPU
	EndGlobalSection
	GlobalSection(SolutionProperties) = preSolution
		HideSolutionNode = FALSE
	EndGlobalSection
	GlobalSection(ExtensibilityGlobals) = postSolution
		SolutionGuid = {207B097C-4842-4233-BF30-0DE08EDC1B54}
	EndGlobalSection
EndGlobal
